{
  "requires": true,
  "lockfileVersion": 1,
  "dependencies": {
    "@angular/core": {
      "version": "9.1.11",
      "resolved": "https://registry.npmjs.org/@angular/core/-/core-9.1.11.tgz",
      "integrity": "sha512-KAlEedBo761O1aeoTJVziOSHi8Fttk9ipvbDZXYT/o0W/KdVwubxP34g9t5aD8LCcF8+L0z4VLw++HjdJAUpwg=="
    }
  }
}
